# This file is generated by running "yarn install" inside your project.
# Manual changes might be lost - proceed with caution!

__metadata:
  version: 8
  cacheKey: 10c0

"@homebound/prettier-config@workspace:.":
  version: 0.0.0-use.local
  resolution: "@homebound/prettier-config@workspace:."
  dependencies:
    prettier: "npm:^3.7.4"
    prettier-plugin-organize-imports: "npm:^4.3.0"
  peerDependencies:
    prettier: ">=3.0.0"
  languageName: unknown
  linkType: soft

"prettier-plugin-organize-imports@npm:^4.3.0":
  version: 4.3.0
  resolution: "prettier-plugin-organize-imports@npm:4.3.0"
  peerDependencies:
    prettier: ">=2.0"
    typescript: ">=2.9"
    vue-tsc: ^2.1.0 || 3
  peerDependenciesMeta:
    vue-tsc:
      optional: true
  checksum: 10c0/57e5a3e611f1da6614fe1228d306b9a361d9249140abfdfcf21cffc9de13bda204c01f44bed0396786269541b63e12b05e1eab03e43d2e201320e4211af88bc6
  languageName: node
  linkType: hard

"prettier@npm:^3.7.4":
  version: 3.7.4
  resolution: "prettier@npm:3.7.4"
  bin:
    prettier: bin/prettier.cjs
  checksum: 10c0/9675d2cd08eacb1faf1d1a2dbfe24bfab6a912b059fc9defdb380a408893d88213e794a40a2700bd29b140eb3172e0b07c852853f6e22f16f3374659a1a13389
  languageName: node
  linkType: hard
